
Microsoft Visual Studio Solution File, Format Version 12.00
# Visual Studio Version 16
VisualStudioVersion = 16.0.30503.244
MinimumVisualStudioVersion = 10.0.40219.1
Project("{FAE04EC0-301F-11D3-BF4B-00C04F79EFBC}") = "ActividadesRuben", "ActividadesRuben\ActividadesRuben.csproj", "{D296BE18-7A67-45C0-ACD4-C072D8AAAC15}"
EndProject
Global
	GlobalSection(SolutionConfigurationPlatforms) = preSolution
		Debug|Any CPU = Debug|Any CPU
		Release|Any CPU = Release|Any CPU
	EndGlobalSection
	GlobalSection(ProjectConfigurationPlatforms) = postSolution
		{D296BE18-7A67-45C0-ACD4-C072D8AAAC15}.Debug|Any CPU.ActiveCfg = Debug|Any CPU
		{D296BE18-7A67-45C0-ACD4-C072D8AAAC15}.Debug|Any CPU.Build.0 = Debug|Any CPU
		{D296BE18-7A67-45C0-ACD4-C072D8AAAC15}.Release|Any CPU.ActiveCfg = Release|Any CPU
		{D296BE18-7A67-45C0-ACD4-C072D8AAAC15}.Release|Any CPU.Build.0 = Release|Any CPU
	EndGlobalSection
	GlobalSection(SolutionProperties) = preSolution
		HideSolutionNode = FALSE
	EndGlobalSection
	GlobalSection(ExtensibilityGlobals) = postSolution
		SolutionGuid = {20F4C66F-2372-4D2D-81A1-E955464F4482}
	EndGlobalSection
EndGlobal
